
Microsoft Visual Studio Solution File, Format Version 12.00
# Visual Studio 2012
Project("{FAE04EC0-301F-11D3-BF4B-00C04F79EFBC}") = "GodotWildJam-96", "GodotWildJam-96.csproj", "{4D39C586-241B-4A1B-9FC6-6F79556DF277}"
EndProject
Project("{FAE04EC0-301F-11D3-BF4B-00C04F79EFBC}") = "GodotWildJam96.Sim", "GodotWildJam96.Sim\GodotWildJam96.Sim.csproj", "{AB2BB877-5D08-43AC-A615-1E61A81FDC10}"
EndProject
Global
	GlobalSection(SolutionConfigurationPlatforms) = preSolution
		Debug|Any CPU = Debug|Any CPU
		Debug|x64 = Debug|x64
		Debug|x86 = Debug|x86
		ExportDebug|Any CPU = ExportDebug|Any CPU
		ExportDebug|x64 = ExportDebug|x64
		ExportDebug|x86 = ExportDebug|x86
		ExportRelease|Any CPU = ExportRelease|Any CPU
		ExportRelease|x64 = ExportRelease|x64
		ExportRelease|x86 = ExportRelease|x86
		Release|Any CPU = Release|Any CPU
		Release|x64 = Release|x64
		Release|x86 = Release|x86
	EndGlobalSection
	GlobalSection(ProjectConfigurationPlatforms) = postSolution
		{4D39C586-241B-4A1B-9FC6-6F79556DF277}.Debug|Any CPU.ActiveCfg = Debug|Any CPU
		{4D39C586-241B-4A1B-9FC6-6F79556DF277}.Debug|Any CPU.Build.0 = Debug|Any CPU
		{4D39C586-241B-4A1B-9FC6-6F79556DF277}.Debug|x64.ActiveCfg = Debug|Any CPU
		{4D39C586-241B-4A1B-9FC6-6F79556DF277}.Debug|x64.Build.0 = Debug|Any CPU
		{4D39C586-241B-4A1B-9FC6-6F79556DF277}.Debug|x86.ActiveCfg = Debug|Any CPU
		{4D39C586-241B-4A1B-9FC6-6F79556DF277}.Debug|x86.Build.0 = Debug|Any CPU
		{4D39C586-241B-4A1B-9FC6-6F79556DF277}.ExportDebug|Any CPU.ActiveCfg = ExportDebug|Any CPU
		{4D39C586-241B-4A1B-9FC6-6F79556DF277}.ExportDebug|Any CPU.Build.0 = ExportDebug|Any CPU
		{4D39C586-241B-4A1B-9FC6-6F79556DF277}.ExportDebug|x64.ActiveCfg = ExportDebug|Any CPU
		{4D39C586-241B-4A1B-9FC6-6F79556DF277}.ExportDebug|x64.Build.0 = ExportDebug|Any CPU
		{4D39C586-241B-4A1B-9FC6-6F79556DF277}.ExportDebug|x86.ActiveCfg = ExportDebug|Any CPU
		{4D39C586-241B-4A1B-9FC6-6F79556DF277}.ExportDebug|x86.Build.0 = ExportDebug|Any CPU
		{4D39C586-241B-4A1B-9FC6-6F79556DF277}.ExportRelease|Any CPU.ActiveCfg = ExportRelease|Any CPU
		{4D39C586-241B-4A1B-9FC6-6F79556DF277}.ExportRelease|Any CPU.Build.0 = ExportRelease|Any CPU
		{4D39C586-241B-4A1B-9FC6-6F79556DF277}.ExportRelease|x64.ActiveCfg = ExportRelease|Any CPU
		{4D39C586-241B-4A1B-9FC6-6F79556DF277}.ExportRelease|x64.Build.0 = ExportRelease|Any CPU
		{4D39C586-241B-4A1B-9FC6-6F79556DF277}.ExportRelease|x86.ActiveCfg = ExportRelease|Any CPU
		{4D39C586-241B-4A1B-9FC6-6F79556DF277}.ExportRelease|x86.Build.0 = ExportRelease|Any CPU
		{4D39C586-241B-4A1B-9FC6-6F79556DF277}.Release|Any CPU.ActiveCfg = Release|Any CPU
		{4D39C586-241B-4A1B-9FC6-6F79556DF277}.Release|Any CPU.Build.0 = Release|Any CPU
		{4D39C586-241B-4A1B-9FC6-6F79556DF277}.Release|x64.ActiveCfg = Release|Any CPU
		{4D39C586-241B-4A1B-9FC6-6F79556DF277}.Release|x64.Build.0 = Release|Any CPU
		{4D39C586-241B-4A1B-9FC6-6F79556DF277}.Release|x86.ActiveCfg = Release|Any CPU
		{4D39C586-241B-4A1B-9FC6-6F79556DF277}.Release|x86.Build.0 = Release|Any CPU
		{AB2BB877-5D08-43AC-A615-1E61A81FDC10}.Debug|Any CPU.ActiveCfg = Debug|Any CPU
		{AB2BB877-5D08-43AC-A615-1E61A81FDC10}.Debug|Any CPU.Build.0 = Debug|Any CPU
		{AB2BB877-5D08-43AC-A615-1E61A81FDC10}.Debug|x64.ActiveCfg = Debug|Any CPU
		{AB2BB877-5D08-43AC-A615-1E61A81FDC10}.Debug|x64.Build.0 = Debug|Any CPU
		{AB2BB877-5D08-43AC-A615-1E61A81FDC10}.Debug|x86.ActiveCfg = Debug|Any CPU
		{AB2BB877-5D08-43AC-A615-1E61A81FDC10}.Debug|x86.Build.0 = Debug|Any CPU
		{AB2BB877-5D08-43AC-A615-1E61A81FDC10}.ExportDebug|Any CPU.ActiveCfg = Debug|Any CPU
		{AB2BB877-5D08-43AC-A615-1E61A81FDC10}.ExportDebug|Any CPU.Build.0 = Debug|Any CPU
		{AB2BB877-5D08-43AC-A615-1E61A81FDC10}.ExportDebug|x64.ActiveCfg = Debug|Any CPU
		{AB2BB877-5D08-43AC-A615-1E61A81FDC10}.ExportDebug|x64.Build.0 = Debug|Any CPU
		{AB2BB877-5D08-43AC-A615-1E61A81FDC10}.ExportDebug|x86.ActiveCfg = Debug|Any CPU
		{AB2BB877-5D08-43AC-A615-1E61A81FDC10}.ExportDebug|x86.Build.0 = Debug|Any CPU
		{AB2BB877-5D08-43AC-A615-1E61A81FDC10}.ExportRelease|Any CPU.ActiveCfg = Debug|Any CPU
		{AB2BB877-5D08-43AC-A615-1E61A81FDC10}.ExportRelease|Any CPU.Build.0 = Debug|Any CPU
		{AB2BB877-5D08-43AC-A615-1E61A81FDC10}.ExportRelease|x64.ActiveCfg = Debug|Any CPU
		{AB2BB877-5D08-43AC-A615-1E61A81FDC10}.ExportRelease|x64.Build.0 = Debug|Any CPU
		{AB2BB877-5D08-43AC-A615-1E61A81FDC10}.ExportRelease|x86.ActiveCfg = Debug|Any CPU
		{AB2BB877-5D08-43AC-A615-1E61A81FDC10}.ExportRelease|x86.Build.0 = Debug|Any CPU
		{AB2BB877-5D08-43AC-A615-1E61A81FDC10}.Release|Any CPU.ActiveCfg = Release|Any CPU
		{AB2BB877-5D08-43AC-A615-1E61A81FDC10}.Release|Any CPU.Build.0 = Release|Any CPU
		{AB2BB877-5D08-43AC-A615-1E61A81FDC10}.Release|x64.ActiveCfg = Release|Any CPU
		{AB2BB877-5D08-43AC-A615-1E61A81FDC10}.Release|x64.Build.0 = Release|Any CPU
		{AB2BB877-5D08-43AC-A615-1E61A81FDC10}.Release|x86.ActiveCfg = Release|Any CPU
		{AB2BB877-5D08-43AC-A615-1E61A81FDC10}.Release|x86.Build.0 = Release|Any CPU
	EndGlobalSection
	GlobalSection(SolutionProperties) = preSolution
		HideSolutionNode = FALSE
	EndGlobalSection
EndGlobal
